
Microsoft Visual Studio Solution File, Format Version 12.00
# Visual Studio Version 17
VisualStudioVersion = 17.2.32602.215
MinimumVisualStudioVersion = 10.0.40219.1
Project("{FAE04EC0-301F-11D3-BF4B-00C04F79EFBC}") = "CleanArchMvc.Domain", "CleanArchMvc.Domain\CleanArchMvc.Domain.csproj", "{471E26A8-1A59-41E2-B871-E0FA66B06C6C}"
EndProject
Project("{FAE04EC0-301F-11D3-BF4B-00C04F79EFBC}") = "CleanArchMvc.Application", "CleanArchMvc.Application\CleanArchMvc.Application.csproj", "{BDCDD8A2-D209-4BDC-83F0-E515BB7A275C}"
EndProject
Project("{FAE04EC0-301F-11D3-BF4B-00C04F79EFBC}") = "CleanArchMvc.Infra.Data", "CleanArchMvc.Infra.Data\CleanArchMvc.Infra.Data.csproj", "{3FDB2E40-5476-4E10-B1EC-500A5FC97E78}"
EndProject
Project("{FAE04EC0-301F-11D3-BF4B-00C04F79EFBC}") = "CleanArchMvc.Infra.Ioc", "CleanArchMvc.Infra.Ioc\CleanArchMvc.Infra.Ioc.csproj", "{287766C7-1B23-4031-AB9E-1FDBD2BD1839}"
EndProject
Project("{FAE04EC0-301F-11D3-BF4B-00C04F79EFBC}") = "CleanArchMvc.WebUi", "CleanArchMvc.WebUi\CleanArchMvc.WebUi.csproj", "{6310589B-5DB1-4B70-B3FB-DA866BDFE99B}"
EndProject
Global
	GlobalSection(SolutionConfigurationPlatforms) = preSolution
		Debug|Any CPU = Debug|Any CPU
		Release|Any CPU = Release|Any CPU
	EndGlobalSection
	GlobalSection(ProjectConfigurationPlatforms) = postSolution
		{471E26A8-1A59-41E2-B871-E0FA66B06C6C}.Debug|Any CPU.ActiveCfg = Debug|Any CPU
		{471E26A8-1A59-41E2-B871-E0FA66B06C6C}.Debug|Any CPU.Build.0 = Debug|Any CPU
		{471E26A8-1A59-41E2-B871-E0FA66B06C6C}.Release|Any CPU.ActiveCfg = Release|Any CPU
		{471E26A8-1A59-41E2-B871-E0FA66B06C6C}.Release|Any CPU.Build.0 = Release|Any CPU
		{BDCDD8A2-D209-4BDC-83F0-E515BB7A275C}.Debug|Any CPU.ActiveCfg = Debug|Any CPU
		{BDCDD8A2-D209-4BDC-83F0-E515BB7A275C}.Debug|Any CPU.Build.0 = Debug|Any CPU
		{BDCDD8A2-D209-4BDC-83F0-E515BB7A275C}.Release|Any CPU.ActiveCfg = Release|Any CPU
		{BDCDD8A2-D209-4BDC-83F0-E515BB7A275C}.Release|Any CPU.Build.0 = Release|Any CPU
		{3FDB2E40-5476-4E10-B1EC-500A5FC97E78}.Debug|Any CPU.ActiveCfg = Debug|Any CPU
		{3FDB2E40-5476-4E10-B1EC-500A5FC97E78}.Debug|Any CPU.Build.0 = Debug|Any CPU
		{3FDB2E40-5476-4E10-B1EC-500A5FC97E78}.Release|Any CPU.ActiveCfg = Release|Any CPU
		{3FDB2E40-5476-4E10-B1EC-500A5FC97E78}.Release|Any CPU.Build.0 = Release|Any CPU
		{287766C7-1B23-4031-AB9E-1FDBD2BD1839}.Debug|Any CPU.ActiveCfg = Debug|Any CPU
		{287766C7-1B23-4031-AB9E-1FDBD2BD1839}.Debug|Any CPU.Build.0 = Debug|Any CPU
		{287766C7-1B23-4031-AB9E-1FDBD2BD1839}.Release|Any CPU.ActiveCfg = Release|Any CPU
		{287766C7-1B23-4031-AB9E-1FDBD2BD1839}.Release|Any CPU.Build.0 = Release|Any CPU
		{6310589B-5DB1-4B70-B3FB-DA866BDFE99B}.Debug|Any CPU.ActiveCfg = Debug|Any CPU
		{6310589B-5DB1-4B70-B3FB-DA866BDFE99B}.Debug|Any CPU.Build.0 = Debug|Any CPU
		{6310589B-5DB1-4B70-B3FB-DA866BDFE99B}.Release|Any CPU.ActiveCfg = Release|Any CPU
		{6310589B-5DB1-4B70-B3FB-DA866BDFE99B}.Release|Any CPU.Build.0 = Release|Any CPU
	EndGlobalSection
	GlobalSection(SolutionProperties) = preSolution
		HideSolutionNode = FALSE
	EndGlobalSection
	GlobalSection(ExtensibilityGlobals) = postSolution
		SolutionGuid = {0E5F3AB1-D870-45B6-8429-6A163C484BBA}
	EndGlobalSection
EndGlobal
